
Microsoft Visual Studio Solution File, Format Version 12.00
# Visual Studio 15
VisualStudioVersion = 15.0.28010.2048
MinimumVisualStudioVersion = 10.0.40219.1
Project("{FAE04EC0-301F-11D3-BF4B-00C04F79EFBC}") = "Student_Management", "Student_Management\Student_Management.csproj", "{3930BBC1-B497-4986-976F-0EA24A9B2A8D}"
EndProject
Project("{FAE04EC0-301F-11D3-BF4B-00C04F79EFBC}") = "Watch_ALG", "Watch_ALG\Watch_ALG.csproj", "{ACA40F2F-1AF8-481B-BB6D-EFE81EF1FA1A}"
EndProject
Global
	GlobalSection(SolutionConfigurationPlatforms) = preSolution
		Debug|Any CPU = Debug|Any CPU
		Release|Any CPU = Release|Any CPU
	EndGlobalSection
	GlobalSection(ProjectConfigurationPlatforms) = postSolution
		{3930BBC1-B497-4986-976F-0EA24A9B2A8D}.Debug|Any CPU.ActiveCfg = Debug|Any CPU
		{3930BBC1-B497-4986-976F-0EA24A9B2A8D}.Debug|Any CPU.Build.0 = Debug|Any CPU
		{3930BBC1-B497-4986-976F-0EA24A9B2A8D}.Release|Any CPU.ActiveCfg = Release|Any CPU
		{3930BBC1-B497-4986-976F-0EA24A9B2A8D}.Release|Any CPU.Build.0 = Release|Any CPU
		{ACA40F2F-1AF8-481B-BB6D-EFE81EF1FA1A}.Debug|Any CPU.ActiveCfg = Debug|Any CPU
		{ACA40F2F-1AF8-481B-BB6D-EFE81EF1FA1A}.Debug|Any CPU.Build.0 = Debug|Any CPU
		{ACA40F2F-1AF8-481B-BB6D-EFE81EF1FA1A}.Release|Any CPU.ActiveCfg = Release|Any CPU
		{ACA40F2F-1AF8-481B-BB6D-EFE81EF1FA1A}.Release|Any CPU.Build.0 = Release|Any CPU
	EndGlobalSection
	GlobalSection(SolutionProperties) = preSolution
		HideSolutionNode = FALSE
	EndGlobalSection
	GlobalSection(ExtensibilityGlobals) = postSolution
		SolutionGuid = {11F7AF4B-8187-4676-B106-73905BA0A048}
	EndGlobalSection
EndGlobal
