
Microsoft Visual Studio Solution File, Format Version 12.00
# Visual Studio 15
VisualStudioVersion = 15.0.28010.2046
MinimumVisualStudioVersion = 10.0.40219.1
Project("{FAE04EC0-301F-11D3-BF4B-00C04F79EFBC}") = "Student", "Student.csproj", "{57AF3478-5481-49F5-8EBD-D938860F8CE1}"
EndProject
Global
	GlobalSection(SolutionConfigurationPlatforms) = preSolution
		Debug|Any CPU = Debug|Any CPU
		Release|Any CPU = Release|Any CPU
	EndGlobalSection
	GlobalSection(ProjectConfigurationPlatforms) = postSolution
		{57AF3478-5481-49F5-8EBD-D938860F8CE1}.Debug|Any CPU.ActiveCfg = Debug|Any CPU
		{57AF3478-5481-49F5-8EBD-D938860F8CE1}.Debug|Any CPU.Build.0 = Debug|Any CPU
		{57AF3478-5481-49F5-8EBD-D938860F8CE1}.Release|Any CPU.ActiveCfg = Release|Any CPU
		{57AF3478-5481-49F5-8EBD-D938860F8CE1}.Release|Any CPU.Build.0 = Release|Any CPU
	EndGlobalSection
	GlobalSection(SolutionProperties) = preSolution
		HideSolutionNode = FALSE
	EndGlobalSection
	GlobalSection(ExtensibilityGlobals) = postSolution
		SolutionGuid = {C71B9794-7246-4F6A-9F08-0DBFE792660F}
	EndGlobalSection
EndGlobal
