
Microsoft Visual Studio Solution File, Format Version 12.00
# Visual Studio 15
VisualStudioVersion = 15.0.28010.2046
MinimumVisualStudioVersion = 10.0.40219.1
Project("{FAE04EC0-301F-11D3-BF4B-00C04F79EFBC}") = "watch", "watch\watch.csproj", "{31BCBEE0-8545-441D-AE87-FDD1D79D2E9C}"
EndProject
Global
	GlobalSection(SolutionConfigurationPlatforms) = preSolution
		Debug|Any CPU = Debug|Any CPU
		Release|Any CPU = Release|Any CPU
	EndGlobalSection
	GlobalSection(ProjectConfigurationPlatforms) = postSolution
		{31BCBEE0-8545-441D-AE87-FDD1D79D2E9C}.Debug|Any CPU.ActiveCfg = Debug|Any CPU
		{31BCBEE0-8545-441D-AE87-FDD1D79D2E9C}.Debug|Any CPU.Build.0 = Debug|Any CPU
		{31BCBEE0-8545-441D-AE87-FDD1D79D2E9C}.Release|Any CPU.ActiveCfg = Release|Any CPU
		{31BCBEE0-8545-441D-AE87-FDD1D79D2E9C}.Release|Any CPU.Build.0 = Release|Any CPU
	EndGlobalSection
	GlobalSection(SolutionProperties) = preSolution
		HideSolutionNode = FALSE
	EndGlobalSection
	GlobalSection(ExtensibilityGlobals) = postSolution
		SolutionGuid = {7B233DD0-E97A-40E2-ABAE-AB313E54C73C}
	EndGlobalSection
EndGlobal
