
Microsoft Visual Studio Solution File, Format Version 12.00
# Visual Studio 15
VisualStudioVersion = 15.0.28010.2046
MinimumVisualStudioVersion = 10.0.40219.1
Project("{FAE04EC0-301F-11D3-BF4B-00C04F79EFBC}") = "StudentManagement", "ConsoleApp1\StudentManagement.csproj", "{A35165F5-D0A0-4C72-BE45-0BA5E712A26E}"
EndProject
Global
	GlobalSection(SolutionConfigurationPlatforms) = preSolution
		Debug|Any CPU = Debug|Any CPU
		Release|Any CPU = Release|Any CPU
	EndGlobalSection
	GlobalSection(ProjectConfigurationPlatforms) = postSolution
		{A35165F5-D0A0-4C72-BE45-0BA5E712A26E}.Debug|Any CPU.ActiveCfg = Debug|Any CPU
		{A35165F5-D0A0-4C72-BE45-0BA5E712A26E}.Debug|Any CPU.Build.0 = Debug|Any CPU
		{A35165F5-D0A0-4C72-BE45-0BA5E712A26E}.Release|Any CPU.ActiveCfg = Release|Any CPU
		{A35165F5-D0A0-4C72-BE45-0BA5E712A26E}.Release|Any CPU.Build.0 = Release|Any CPU
	EndGlobalSection
	GlobalSection(SolutionProperties) = preSolution
		HideSolutionNode = FALSE
	EndGlobalSection
	GlobalSection(ExtensibilityGlobals) = postSolution
		SolutionGuid = {673BC2E0-3580-4833-813E-AEA033CE25CA}
	EndGlobalSection
EndGlobal
