
Microsoft Visual Studio Solution File, Format Version 12.00
# Visual Studio 15
VisualStudioVersion = 15.0.28010.2046
MinimumVisualStudioVersion = 10.0.40219.1
Project("{FAE04EC0-301F-11D3-BF4B-00C04F79EFBC}") = "coursefour", "coursefour\coursefour.csproj", "{2483D865-1B63-49B9-8400-141EA0A677E8}"
EndProject
Global
	GlobalSection(SolutionConfigurationPlatforms) = preSolution
		Debug|Any CPU = Debug|Any CPU
		Release|Any CPU = Release|Any CPU
	EndGlobalSection
	GlobalSection(ProjectConfigurationPlatforms) = postSolution
		{2483D865-1B63-49B9-8400-141EA0A677E8}.Debug|Any CPU.ActiveCfg = Debug|Any CPU
		{2483D865-1B63-49B9-8400-141EA0A677E8}.Debug|Any CPU.Build.0 = Debug|Any CPU
		{2483D865-1B63-49B9-8400-141EA0A677E8}.Release|Any CPU.ActiveCfg = Release|Any CPU
		{2483D865-1B63-49B9-8400-141EA0A677E8}.Release|Any CPU.Build.0 = Release|Any CPU
	EndGlobalSection
	GlobalSection(SolutionProperties) = preSolution
		HideSolutionNode = FALSE
	EndGlobalSection
	GlobalSection(ExtensibilityGlobals) = postSolution
		SolutionGuid = {BF666C27-0940-47E5-A34A-5B90E3276A88}
	EndGlobalSection
EndGlobal
