
Microsoft Visual Studio Solution File, Format Version 12.00
# Visual Studio 15
VisualStudioVersion = 15.0.28010.2048
MinimumVisualStudioVersion = 10.0.40219.1
Project("{FAE04EC0-301F-11D3-BF4B-00C04F79EFBC}") = "XuelingConsoleApp1", "XuelingConsoleApp1\XuelingConsoleApp1.csproj", "{2885CF65-A3B0-4EBD-906B-DC4BE6814C9B}"
EndProject
Global
	GlobalSection(SolutionConfigurationPlatforms) = preSolution
		Debug|Any CPU = Debug|Any CPU
		Release|Any CPU = Release|Any CPU
	EndGlobalSection
	GlobalSection(ProjectConfigurationPlatforms) = postSolution
		{2885CF65-A3B0-4EBD-906B-DC4BE6814C9B}.Debug|Any CPU.ActiveCfg = Debug|Any CPU
		{2885CF65-A3B0-4EBD-906B-DC4BE6814C9B}.Debug|Any CPU.Build.0 = Debug|Any CPU
		{2885CF65-A3B0-4EBD-906B-DC4BE6814C9B}.Release|Any CPU.ActiveCfg = Release|Any CPU
		{2885CF65-A3B0-4EBD-906B-DC4BE6814C9B}.Release|Any CPU.Build.0 = Release|Any CPU
	EndGlobalSection
	GlobalSection(SolutionProperties) = preSolution
		HideSolutionNode = FALSE
	EndGlobalSection
	GlobalSection(ExtensibilityGlobals) = postSolution
		SolutionGuid = {3573D9B8-BF3D-42DA-9EBD-0363DFC9907E}
	EndGlobalSection
EndGlobal
