
Microsoft Visual Studio Solution File, Format Version 12.00
# Visual Studio 15
VisualStudioVersion = 15.0.28010.2048
MinimumVisualStudioVersion = 10.0.40219.1
Project("{FAE04EC0-301F-11D3-BF4B-00C04F79EFBC}") = "Watch", "Watch.csproj", "{6EC1C37C-4D8F-4BD8-ABCF-2A468660B3CA}"
EndProject
Global
	GlobalSection(SolutionConfigurationPlatforms) = preSolution
		Debug|Any CPU = Debug|Any CPU
		Release|Any CPU = Release|Any CPU
	EndGlobalSection
	GlobalSection(ProjectConfigurationPlatforms) = postSolution
		{6EC1C37C-4D8F-4BD8-ABCF-2A468660B3CA}.Debug|Any CPU.ActiveCfg = Debug|Any CPU
		{6EC1C37C-4D8F-4BD8-ABCF-2A468660B3CA}.Debug|Any CPU.Build.0 = Debug|Any CPU
		{6EC1C37C-4D8F-4BD8-ABCF-2A468660B3CA}.Release|Any CPU.ActiveCfg = Release|Any CPU
		{6EC1C37C-4D8F-4BD8-ABCF-2A468660B3CA}.Release|Any CPU.Build.0 = Release|Any CPU
	EndGlobalSection
	GlobalSection(SolutionProperties) = preSolution
		HideSolutionNode = FALSE
	EndGlobalSection
	GlobalSection(ExtensibilityGlobals) = postSolution
		SolutionGuid = {AB2AAD75-D16F-4C8A-964B-90F5E3979C65}
	EndGlobalSection
EndGlobal
