
Microsoft Visual Studio Solution File, Format Version 12.00
# Visual Studio 15
VisualStudioVersion = 15.0.28010.2046
MinimumVisualStudioVersion = 10.0.40219.1
Project("{FAE04EC0-301F-11D3-BF4B-00C04F79EFBC}") = "WinForm成员管理", "WinForm成员管理\WinForm成员管理.csproj", "{578EBD67-8B8C-462E-8FE0-3CF6516A907B}"
EndProject
Project("{FAE04EC0-301F-11D3-BF4B-00C04F79EFBC}") = "DBService", "DBService\DBService.csproj", "{DDEEDBBB-5B9D-47AD-9EBC-BF15A9FA54FE}"
EndProject
Project("{FAE04EC0-301F-11D3-BF4B-00C04F79EFBC}") = "黑白界面成员管理", "黑白界面\黑白界面成员管理.csproj", "{5855B6A5-C4E1-459E-B67D-FF2F5593DC97}"
EndProject
Global
	GlobalSection(SolutionConfigurationPlatforms) = preSolution
		Debug|Any CPU = Debug|Any CPU
		Release|Any CPU = Release|Any CPU
	EndGlobalSection
	GlobalSection(ProjectConfigurationPlatforms) = postSolution
		{578EBD67-8B8C-462E-8FE0-3CF6516A907B}.Debug|Any CPU.ActiveCfg = Debug|Any CPU
		{578EBD67-8B8C-462E-8FE0-3CF6516A907B}.Debug|Any CPU.Build.0 = Debug|Any CPU
		{578EBD67-8B8C-462E-8FE0-3CF6516A907B}.Release|Any CPU.ActiveCfg = Release|Any CPU
		{578EBD67-8B8C-462E-8FE0-3CF6516A907B}.Release|Any CPU.Build.0 = Release|Any CPU
		{DDEEDBBB-5B9D-47AD-9EBC-BF15A9FA54FE}.Debug|Any CPU.ActiveCfg = Debug|Any CPU
		{DDEEDBBB-5B9D-47AD-9EBC-BF15A9FA54FE}.Debug|Any CPU.Build.0 = Debug|Any CPU
		{DDEEDBBB-5B9D-47AD-9EBC-BF15A9FA54FE}.Release|Any CPU.ActiveCfg = Release|Any CPU
		{DDEEDBBB-5B9D-47AD-9EBC-BF15A9FA54FE}.Release|Any CPU.Build.0 = Release|Any CPU
		{5855B6A5-C4E1-459E-B67D-FF2F5593DC97}.Debug|Any CPU.ActiveCfg = Debug|Any CPU
		{5855B6A5-C4E1-459E-B67D-FF2F5593DC97}.Debug|Any CPU.Build.0 = Debug|Any CPU
		{5855B6A5-C4E1-459E-B67D-FF2F5593DC97}.Release|Any CPU.ActiveCfg = Release|Any CPU
		{5855B6A5-C4E1-459E-B67D-FF2F5593DC97}.Release|Any CPU.Build.0 = Release|Any CPU
	EndGlobalSection
	GlobalSection(SolutionProperties) = preSolution
		HideSolutionNode = FALSE
	EndGlobalSection
	GlobalSection(ExtensibilityGlobals) = postSolution
		SolutionGuid = {9204633D-95E6-4A96-8D6F-0A795BBE3E05}
	EndGlobalSection
EndGlobal
