
Microsoft Visual Studio Solution File, Format Version 12.00
# Visual Studio 15
VisualStudioVersion = 15.0.28010.2048
MinimumVisualStudioVersion = 10.0.40219.1
Project("{FAE04EC0-301F-11D3-BF4B-00C04F79EFBC}") = "Student_Management", "Student_Management\Student_Management.csproj", "{3930BBC1-B497-4986-976F-0EA24A9B2A8D}"
EndProject
Project("{9A19103F-16F7-4668-BE54-9A1E7A4F7556}") = "Watch_ALG", "Watch_ALG\Watch_ALG.csproj", "{ACA40F2F-1AF8-481B-BB6D-EFE81EF1FA1A}"
EndProject
Project("{FAE04EC0-301F-11D3-BF4B-00C04F79EFBC}") = "DLPU_Manager.service", "DLPU_Manager.service\DLPU_Manager.service.csproj", "{BBB9E6E8-DB57-44FE-9578-8C55F7257A5F}"
EndProject
Project("{FAE04EC0-301F-11D3-BF4B-00C04F79EFBC}") = "WinFormManagement", "WindowsFormsApp\WinFormManagement.csproj", "{8796D967-4512-41D6-9031-2BD0218EF567}"
EndProject
Project("{FAE04EC0-301F-11D3-BF4B-00C04F79EFBC}") = "WinFormBrowser", "WinFormBrowser\WinFormBrowser.csproj", "{9685D6F4-F004-498B-B532-8B12BFB305A4}"
EndProject
Project("{FAE04EC0-301F-11D3-BF4B-00C04F79EFBC}") = "代码调试专用", "代码调试专用\代码调试专用.csproj", "{32189904-8EEC-45BE-996B-2ECFB8292CAF}"
EndProject
Project("{FAE04EC0-301F-11D3-BF4B-00C04F79EFBC}") = "WinFormControls", "WinFormControls\WinFormControls.csproj", "{181B8DC8-4F24-4C07-83F7-50D168C7259F}"
EndProject
Global
	GlobalSection(SolutionConfigurationPlatforms) = preSolution
		Debug|Any CPU = Debug|Any CPU
		Release|Any CPU = Release|Any CPU
	EndGlobalSection
	GlobalSection(ProjectConfigurationPlatforms) = postSolution
		{3930BBC1-B497-4986-976F-0EA24A9B2A8D}.Debug|Any CPU.ActiveCfg = Debug|Any CPU
		{3930BBC1-B497-4986-976F-0EA24A9B2A8D}.Debug|Any CPU.Build.0 = Debug|Any CPU
		{3930BBC1-B497-4986-976F-0EA24A9B2A8D}.Release|Any CPU.ActiveCfg = Release|Any CPU
		{3930BBC1-B497-4986-976F-0EA24A9B2A8D}.Release|Any CPU.Build.0 = Release|Any CPU
		{ACA40F2F-1AF8-481B-BB6D-EFE81EF1FA1A}.Debug|Any CPU.ActiveCfg = Debug|Any CPU
		{ACA40F2F-1AF8-481B-BB6D-EFE81EF1FA1A}.Debug|Any CPU.Build.0 = Debug|Any CPU
		{ACA40F2F-1AF8-481B-BB6D-EFE81EF1FA1A}.Release|Any CPU.ActiveCfg = Release|Any CPU
		{ACA40F2F-1AF8-481B-BB6D-EFE81EF1FA1A}.Release|Any CPU.Build.0 = Release|Any CPU
		{BBB9E6E8-DB57-44FE-9578-8C55F7257A5F}.Debug|Any CPU.ActiveCfg = Debug|Any CPU
		{BBB9E6E8-DB57-44FE-9578-8C55F7257A5F}.Debug|Any CPU.Build.0 = Debug|Any CPU
		{BBB9E6E8-DB57-44FE-9578-8C55F7257A5F}.Release|Any CPU.ActiveCfg = Release|Any CPU
		{BBB9E6E8-DB57-44FE-9578-8C55F7257A5F}.Release|Any CPU.Build.0 = Release|Any CPU
		{8796D967-4512-41D6-9031-2BD0218EF567}.Debug|Any CPU.ActiveCfg = Debug|Any CPU
		{8796D967-4512-41D6-9031-2BD0218EF567}.Debug|Any CPU.Build.0 = Debug|Any CPU
		{8796D967-4512-41D6-9031-2BD0218EF567}.Release|Any CPU.ActiveCfg = Release|Any CPU
		{8796D967-4512-41D6-9031-2BD0218EF567}.Release|Any CPU.Build.0 = Release|Any CPU
		{9685D6F4-F004-498B-B532-8B12BFB305A4}.Debug|Any CPU.ActiveCfg = Debug|Any CPU
		{9685D6F4-F004-498B-B532-8B12BFB305A4}.Debug|Any CPU.Build.0 = Debug|Any CPU
		{9685D6F4-F004-498B-B532-8B12BFB305A4}.Release|Any CPU.ActiveCfg = Release|Any CPU
		{9685D6F4-F004-498B-B532-8B12BFB305A4}.Release|Any CPU.Build.0 = Release|Any CPU
		{32189904-8EEC-45BE-996B-2ECFB8292CAF}.Debug|Any CPU.ActiveCfg = Debug|Any CPU
		{32189904-8EEC-45BE-996B-2ECFB8292CAF}.Debug|Any CPU.Build.0 = Debug|Any CPU
		{32189904-8EEC-45BE-996B-2ECFB8292CAF}.Release|Any CPU.ActiveCfg = Release|Any CPU
		{32189904-8EEC-45BE-996B-2ECFB8292CAF}.Release|Any CPU.Build.0 = Release|Any CPU
		{181B8DC8-4F24-4C07-83F7-50D168C7259F}.Debug|Any CPU.ActiveCfg = Debug|Any CPU
		{181B8DC8-4F24-4C07-83F7-50D168C7259F}.Debug|Any CPU.Build.0 = Debug|Any CPU
		{181B8DC8-4F24-4C07-83F7-50D168C7259F}.Release|Any CPU.ActiveCfg = Release|Any CPU
		{181B8DC8-4F24-4C07-83F7-50D168C7259F}.Release|Any CPU.Build.0 = Release|Any CPU
	EndGlobalSection
	GlobalSection(SolutionProperties) = preSolution
		HideSolutionNode = FALSE
	EndGlobalSection
	GlobalSection(ExtensibilityGlobals) = postSolution
		SolutionGuid = {11F7AF4B-8187-4676-B106-73905BA0A048}
	EndGlobalSection
EndGlobal
