
Microsoft Visual Studio Solution File, Format Version 12.00
# Visual Studio 15
VisualStudioVersion = 15.0.27428.2015
MinimumVisualStudioVersion = 10.0.40219.1
Project("{FAE04EC0-301F-11D3-BF4B-00C04F79EFBC}") = "Inform", "Inform\Inform.csproj", "{2946B02C-59B5-4C93-8C00-99CDBA97EE8B}"
EndProject
Global
	GlobalSection(SolutionConfigurationPlatforms) = preSolution
		Debug|Any CPU = Debug|Any CPU
		Release|Any CPU = Release|Any CPU
	EndGlobalSection
	GlobalSection(ProjectConfigurationPlatforms) = postSolution
		{2946B02C-59B5-4C93-8C00-99CDBA97EE8B}.Debug|Any CPU.ActiveCfg = Debug|Any CPU
		{2946B02C-59B5-4C93-8C00-99CDBA97EE8B}.Debug|Any CPU.Build.0 = Debug|Any CPU
		{2946B02C-59B5-4C93-8C00-99CDBA97EE8B}.Release|Any CPU.ActiveCfg = Release|Any CPU
		{2946B02C-59B5-4C93-8C00-99CDBA97EE8B}.Release|Any CPU.Build.0 = Release|Any CPU
	EndGlobalSection
	GlobalSection(SolutionProperties) = preSolution
		HideSolutionNode = FALSE
	EndGlobalSection
	GlobalSection(ExtensibilityGlobals) = postSolution
		SolutionGuid = {0E47D6FA-84A1-45CB-8649-828347017287}
	EndGlobalSection
EndGlobal
