
Microsoft Visual Studio Solution File, Format Version 12.00
# Visual Studio 15
VisualStudioVersion = 15.0.28010.2048
MinimumVisualStudioVersion = 10.0.40219.1
Project("{FAE04EC0-301F-11D3-BF4B-00C04F79EFBC}") = "second2", "second2\second2.csproj", "{5C7EE908-D5FF-44AB-AC84-C624C45E0016}"
EndProject
Global
	GlobalSection(SolutionConfigurationPlatforms) = preSolution
		Debug|Any CPU = Debug|Any CPU
		Release|Any CPU = Release|Any CPU
	EndGlobalSection
	GlobalSection(ProjectConfigurationPlatforms) = postSolution
		{5C7EE908-D5FF-44AB-AC84-C624C45E0016}.Debug|Any CPU.ActiveCfg = Debug|Any CPU
		{5C7EE908-D5FF-44AB-AC84-C624C45E0016}.Debug|Any CPU.Build.0 = Debug|Any CPU
		{5C7EE908-D5FF-44AB-AC84-C624C45E0016}.Release|Any CPU.ActiveCfg = Release|Any CPU
		{5C7EE908-D5FF-44AB-AC84-C624C45E0016}.Release|Any CPU.Build.0 = Release|Any CPU
	EndGlobalSection
	GlobalSection(SolutionProperties) = preSolution
		HideSolutionNode = FALSE
	EndGlobalSection
	GlobalSection(ExtensibilityGlobals) = postSolution
		SolutionGuid = {E2389C91-1DFF-4DD5-9165-9003C256E824}
	EndGlobalSection
EndGlobal
