
Microsoft Visual Studio Solution File, Format Version 12.00
# Visual Studio 15
VisualStudioVersion = 15.0.28010.2048
MinimumVisualStudioVersion = 10.0.40219.1
Project("{FAE04EC0-301F-11D3-BF4B-00C04F79EFBC}") = "ConsoleApp1Out of order", "ConsoleApp1\ConsoleApp1Out of order.csproj", "{1E34B65E-03F8-4FE9-AE38-B232D91D6FFE}"
EndProject
Project("{FAE04EC0-301F-11D3-BF4B-00C04F79EFBC}") = "Watch", "Watch\Watch.csproj", "{20E2A494-9AF7-444E-BB99-A6D7F0D89001}"
EndProject
Global
	GlobalSection(SolutionConfigurationPlatforms) = preSolution
		Debug|Any CPU = Debug|Any CPU
		Release|Any CPU = Release|Any CPU
	EndGlobalSection
	GlobalSection(ProjectConfigurationPlatforms) = postSolution
		{1E34B65E-03F8-4FE9-AE38-B232D91D6FFE}.Debug|Any CPU.ActiveCfg = Debug|Any CPU
		{1E34B65E-03F8-4FE9-AE38-B232D91D6FFE}.Debug|Any CPU.Build.0 = Debug|Any CPU
		{1E34B65E-03F8-4FE9-AE38-B232D91D6FFE}.Release|Any CPU.ActiveCfg = Release|Any CPU
		{1E34B65E-03F8-4FE9-AE38-B232D91D6FFE}.Release|Any CPU.Build.0 = Release|Any CPU
		{20E2A494-9AF7-444E-BB99-A6D7F0D89001}.Debug|Any CPU.ActiveCfg = Debug|Any CPU
		{20E2A494-9AF7-444E-BB99-A6D7F0D89001}.Debug|Any CPU.Build.0 = Debug|Any CPU
		{20E2A494-9AF7-444E-BB99-A6D7F0D89001}.Release|Any CPU.ActiveCfg = Release|Any CPU
		{20E2A494-9AF7-444E-BB99-A6D7F0D89001}.Release|Any CPU.Build.0 = Release|Any CPU
	EndGlobalSection
	GlobalSection(SolutionProperties) = preSolution
		HideSolutionNode = FALSE
	EndGlobalSection
	GlobalSection(ExtensibilityGlobals) = postSolution
		SolutionGuid = {0477C67B-2CA7-4484-95CD-55A96B08BC93}
	EndGlobalSection
EndGlobal
