
Microsoft Visual Studio Solution File, Format Version 12.00
# Visual Studio 15
VisualStudioVersion = 15.0.28010.2046
MinimumVisualStudioVersion = 10.0.40219.1
Project("{FAE04EC0-301F-11D3-BF4B-00C04F79EFBC}") = "five_list", "five_list\five_list.csproj", "{7BF05B00-82B3-4D73-9A9A-743209714C95}"
EndProject
Global
	GlobalSection(SolutionConfigurationPlatforms) = preSolution
		Debug|Any CPU = Debug|Any CPU
		Release|Any CPU = Release|Any CPU
	EndGlobalSection
	GlobalSection(ProjectConfigurationPlatforms) = postSolution
		{7BF05B00-82B3-4D73-9A9A-743209714C95}.Debug|Any CPU.ActiveCfg = Debug|Any CPU
		{7BF05B00-82B3-4D73-9A9A-743209714C95}.Debug|Any CPU.Build.0 = Debug|Any CPU
		{7BF05B00-82B3-4D73-9A9A-743209714C95}.Release|Any CPU.ActiveCfg = Release|Any CPU
		{7BF05B00-82B3-4D73-9A9A-743209714C95}.Release|Any CPU.Build.0 = Release|Any CPU
	EndGlobalSection
	GlobalSection(SolutionProperties) = preSolution
		HideSolutionNode = FALSE
	EndGlobalSection
	GlobalSection(ExtensibilityGlobals) = postSolution
		SolutionGuid = {D820A7CA-9B9E-4140-95E5-2DEC3BFCF961}
	EndGlobalSection
EndGlobal
