
Microsoft Visual Studio Solution File, Format Version 12.00
# Visual Studio 15
VisualStudioVersion = 15.0.28010.2046
MinimumVisualStudioVersion = 10.0.40219.1
Project("{FAE04EC0-301F-11D3-BF4B-00C04F79EFBC}") = "userinformation", "userinformation\userinformation.csproj", "{DD877D27-0563-4061-93A9-917AFB297886}"
EndProject
Global
	GlobalSection(SolutionConfigurationPlatforms) = preSolution
		Debug|Any CPU = Debug|Any CPU
		Release|Any CPU = Release|Any CPU
	EndGlobalSection
	GlobalSection(ProjectConfigurationPlatforms) = postSolution
		{DD877D27-0563-4061-93A9-917AFB297886}.Debug|Any CPU.ActiveCfg = Debug|Any CPU
		{DD877D27-0563-4061-93A9-917AFB297886}.Debug|Any CPU.Build.0 = Debug|Any CPU
		{DD877D27-0563-4061-93A9-917AFB297886}.Release|Any CPU.ActiveCfg = Release|Any CPU
		{DD877D27-0563-4061-93A9-917AFB297886}.Release|Any CPU.Build.0 = Release|Any CPU
	EndGlobalSection
	GlobalSection(SolutionProperties) = preSolution
		HideSolutionNode = FALSE
	EndGlobalSection
	GlobalSection(ExtensibilityGlobals) = postSolution
		SolutionGuid = {19488059-5A83-4174-A9FF-C1203E2218CC}
	EndGlobalSection
EndGlobal
