
Microsoft Visual Studio Solution File, Format Version 12.00
# Visual Studio 15
VisualStudioVersion = 15.0.28010.2036
MinimumVisualStudioVersion = 10.0.40219.1
Project("{FAE04EC0-301F-11D3-BF4B-00C04F79EFBC}") = "WindosForm1", "WindosForm1\WindosForm1.csproj", "{D51C08B4-7EBF-496F-A36E-C21352ECCD5E}"
EndProject
Project("{FAE04EC0-301F-11D3-BF4B-00C04F79EFBC}") = "Service", "Repository\Service.csproj", "{3E916B0E-8529-474D-83B7-EBB25E2A5052}"
EndProject
Global
	GlobalSection(SolutionConfigurationPlatforms) = preSolution
		Debug|Any CPU = Debug|Any CPU
		Release|Any CPU = Release|Any CPU
	EndGlobalSection
	GlobalSection(ProjectConfigurationPlatforms) = postSolution
		{D51C08B4-7EBF-496F-A36E-C21352ECCD5E}.Debug|Any CPU.ActiveCfg = Debug|Any CPU
		{D51C08B4-7EBF-496F-A36E-C21352ECCD5E}.Debug|Any CPU.Build.0 = Debug|Any CPU
		{D51C08B4-7EBF-496F-A36E-C21352ECCD5E}.Release|Any CPU.ActiveCfg = Release|Any CPU
		{D51C08B4-7EBF-496F-A36E-C21352ECCD5E}.Release|Any CPU.Build.0 = Release|Any CPU
		{3E916B0E-8529-474D-83B7-EBB25E2A5052}.Debug|Any CPU.ActiveCfg = Debug|Any CPU
		{3E916B0E-8529-474D-83B7-EBB25E2A5052}.Debug|Any CPU.Build.0 = Debug|Any CPU
		{3E916B0E-8529-474D-83B7-EBB25E2A5052}.Release|Any CPU.ActiveCfg = Release|Any CPU
		{3E916B0E-8529-474D-83B7-EBB25E2A5052}.Release|Any CPU.Build.0 = Release|Any CPU
	EndGlobalSection
	GlobalSection(SolutionProperties) = preSolution
		HideSolutionNode = FALSE
	EndGlobalSection
	GlobalSection(ExtensibilityGlobals) = postSolution
		SolutionGuid = {8F293050-2DB5-4588-97C1-4D7B4384D55A}
	EndGlobalSection
EndGlobal
